#MicroXplorer Configuration settings - do not modify
Mcu.Family=STM32F4
ProjectManager.MainLocation=Core/Src
PC15-OSC32_OUT.Mode=LSE-External-Oscillator
PA2.GPIO_PuPd=GPIO_NOPULL
ProjectManager.ProjectFileName=CubeMX.ioc
USART2.IPParameters=VirtualMode
RCC.CortexFreq_Value=84000000
ProjectManager.KeepUserCode=true
Mcu.UserName=STM32F401RETx
Mcu.PinsNb=12
PC13-ANTI_TAMP.GPIO_PuPd=GPIO_NOPULL
ProjectManager.NoMain=false
PC13-ANTI_TAMP.GPIO_Label=B1 [Blue PushButton]
RCC.PLLCLKFreq_Value=84000000
PA14.GPIO_Label=TCK
RCC.PLLQCLKFreq_Value=48000000
PA3.GPIO_PuPd=GPIO_NOPULL
ProjectManager.functionlistsort=1-MX_GPIO_Init-GPIO-false-HAL-true,2-SystemClock_Config-RCC-false-HAL-false,3-MX_USART2_UART_Init-USART2-false-HAL-true
PH1\ -\ OSC_OUT.Mode=HSE-External-Clock-Source
PA2.GPIO_Speed=GPIO_SPEED_FREQ_LOW
RCC.RTCFreq_Value=32000
PA3.GPIOParameters=GPIO_Speed,GPIO_PuPd,GPIO_Label,GPIO_Mode
ProjectManager.DefaultFWLocation=true
ProjectManager.DeletePrevious=true
RCC.APB1CLKDivider=RCC_HCLK_DIV2
PC14-OSC32_IN.Signal=RCC_OSC32_IN
PA3.GPIO_Speed=GPIO_SPEED_FREQ_LOW
boardIOC=true
PA2.GPIOParameters=GPIO_Speed,GPIO_PuPd,GPIO_Label,GPIO_Mode
PH1\ -\ OSC_OUT.Locked=true
PinOutPanel.RotationAngle=0
RCC.SYSCLKSource=RCC_SYSCLKSOURCE_PLLCLK
ProjectManager.StackSize=0x400
SH.GPXTI13.0=GPIO_EXTI13
PA13.Signal=SYS_JTMS-SWDIO
PA3.Mode=Asynchronous
RCC.FCLKCortexFreq_Value=84000000
NVIC.SVCall_IRQn=true\:0\:0\:false\:false\:true\:false\:false
Mcu.IP2=SYS
Mcu.IP3=USART2
Mcu.IP0=NVIC
Mcu.IP1=RCC
PH0\ -\ OSC_IN.Mode=HSE-External-Clock-Source
PC15-OSC32_OUT.Locked=true
Mcu.UserConstants=
PH0\ -\ OSC_IN.Signal=RCC_OSC_IN
ProjectManager.TargetToolchain=Other Toolchains (GPDSC)
SH.GPXTI13.ConfNb=1
Mcu.ThirdPartyNb=0
PH0\ -\ OSC_IN.Locked=true
PA3.GPIO_Mode=GPIO_MODE_AF_PP
RCC.HCLKFreq_Value=84000000
Mcu.IPNb=4
RCC.I2SClocksFreq_Value=96000000
ProjectManager.PreviousToolchain=
RCC.APB2TimFreq_Value=84000000
RCC.VcooutputI2S=96000000
Mcu.Pin6=PA3
Mcu.Pin7=PA5
ProjectManager.RegisterCallBack=
Mcu.Pin8=PA13
Mcu.Pin9=PA14
PC15-OSC32_OUT.Signal=RCC_OSC32_OUT
RCC.AHBFreq_Value=84000000
Mcu.Pin0=PC13-ANTI_TAMP
Mcu.Pin1=PC14-OSC32_IN
Mcu.Pin2=PC15-OSC32_OUT
Mcu.Pin3=PH0 - OSC_IN
Mcu.Pin4=PH1 - OSC_OUT
RCC.VCOI2SOutputFreq_Value=192000000
Mcu.Pin5=PA2
PA5.Signal=GPIO_Output
ProjectManager.ProjectBuild=false
RCC.HSE_VALUE=8000000
NVIC.UsageFault_IRQn=true\:0\:0\:false\:false\:true\:true\:false
NVIC.DebugMonitor_IRQn=true\:0\:0\:false\:false\:true\:true\:false
PH1\ -\ OSC_OUT.Signal=RCC_OSC_OUT
board=NUCLEO-F401RE
PC13-ANTI_TAMP.Signal=GPXTI13
RCC.VCOOutputFreq_Value=336000000
PC13-ANTI_TAMP.Locked=true
NVIC.SysTick_IRQn=true\:0\:0\:true\:false\:true\:true\:true
ProjectManager.LastFirmware=true
ProjectManager.FirmwarePackage=STM32Cube FW_F4 V1.25.2
MxDb.Version=DB.6.0.10
RCC.APB2Freq_Value=84000000
ProjectManager.BackupPrevious=false
MxCube.Version=6.1.1
PC14-OSC32_IN.Mode=LSE-External-Oscillator
RCC.VCOInputFreq_Value=1000000
PA14.Mode=Serial_Wire
PA5.GPIO_PuPd=GPIO_NOPULL
File.Version=6
VP_SYS_VS_Systick.Mode=SysTick
PB3.GPIOParameters=GPIO_Label
NVIC.NonMaskableInt_IRQn=true\:0\:0\:false\:false\:true\:true\:false
NVIC.PendSV_IRQn=true\:0\:0\:false\:false\:true\:false\:false
PA13.Mode=Serial_Wire
ProjectManager.FreePins=false
RCC.IPParameters=48MHZClocksFreq_Value,AHBFreq_Value,APB1CLKDivider,APB1Freq_Value,APB1TimFreq_Value,APB2Freq_Value,APB2TimFreq_Value,CortexFreq_Value,FCLKCortexFreq_Value,HCLKFreq_Value,HSE_VALUE,HSI_VALUE,I2SClocksFreq_Value,LSI_VALUE,MCO2PinFreq_Value,PLLCLKFreq_Value,PLLN,PLLP,PLLQ,PLLQCLKFreq_Value,RTCFreq_Value,RTCHSEDivFreq_Value,SYSCLKFreq_VALUE,SYSCLKSource,VCOI2SOutputFreq_Value,VCOInputFreq_Value,VCOOutputFreq_Value,VcooutputI2S
ProjectManager.AskForMigrate=true
Mcu.Name=STM32F401R(D-E)Tx
ProjectManager.HalAssertFull=false
RCC.RTCHSEDivFreq_Value=4000000
PA2.Signal=USART2_TX
PA13.GPIO_Label=TMS
ProjectManager.ProjectName=CubeMX
ProjectManager.UnderRoot=false
PA13.GPIOParameters=GPIO_Label
ProjectManager.CoupleFile=true
RCC.48MHZClocksFreq_Value=48000000
RCC.MCO2PinFreq_Value=84000000
PB3.Signal=SYS_JTDO-SWO
RCC.SYSCLKFreq_VALUE=84000000
Mcu.Package=LQFP64
PA3.Locked=true
PA5.Locked=true
PA5.GPIO_Label=LD2 [Green Led]
NVIC.ForceEnableDMAVector=true
KeepUserPlacement=false
USART2.VirtualMode=VM_ASYNC
PA14.GPIOParameters=GPIO_Label
NVIC.MemoryManagement_IRQn=true\:0\:0\:false\:false\:true\:true\:false
PA13.Locked=true
PA14.Locked=true
ProjectManager.CompilerOptimize=6
PC13-ANTI_TAMP.GPIO_ModeDefaultEXTI=GPIO_MODE_IT_FALLING
ProjectManager.ToolChainLocation=
PA2.GPIO_Label=USART_TX
RCC.LSI_VALUE=32000
VP_SYS_VS_Systick.Signal=SYS_VS_Systick
PA14.Signal=SYS_JTCK-SWCLK
ProjectManager.HeapSize=0x200
NVIC.HardFault_IRQn=true\:0\:0\:false\:false\:true\:true\:false
PA5.GPIOParameters=GPIO_Speed,GPIO_PuPd,GPIO_Label,GPIO_Mode
ProjectManager.ComputerToolchain=false
RCC.HSI_VALUE=16000000
RCC.PLLP=RCC_PLLP_DIV4
PA5.GPIO_Speed=GPIO_SPEED_FREQ_LOW
RCC.PLLQ=7
NVIC.PriorityGroup=NVIC_PRIORITYGROUP_0
Mcu.Pin11=VP_SYS_VS_Systick
RCC.PLLN=336
Mcu.Pin10=PB3
RCC.APB1TimFreq_Value=84000000
PA2.Mode=Asynchronous
NVIC.BusFault_IRQn=true\:0\:0\:false\:false\:true\:true\:false
RCC.APB1Freq_Value=42000000
PA5.GPIO_Mode=GPIO_MODE_OUTPUT_PP
ProjectManager.CustomerFirmwarePackage=
ProjectManager.DeviceId=STM32F401RETx
PC14-OSC32_IN.Locked=true
ProjectManager.LibraryCopy=0
PB3.Locked=true
PA3.GPIO_Label=USART_RX
PA3.Signal=USART2_RX
PC13-ANTI_TAMP.GPIOParameters=GPIO_PuPd,GPIO_Label,GPIO_ModeDefaultEXTI
PA2.GPIO_Mode=GPIO_MODE_AF_PP
PA2.Locked=true
PB3.GPIO_Label=SWO
